
Microsoft Visual Studio Solution File, Format Version 12.00
# Visual Studio 14
VisualStudioVersion = 14.0.25123.0
MinimumVisualStudioVersion = 10.0.40219.1
Project("{FAE04EC0-301F-11D3-BF4B-00C04F79EFBC}") = "Producer1", "Producer1\Producer1.csproj", "{B9859850-E8B7-4EDE-A478-C89DF098BFD6}"
EndProject
Project("{FAE04EC0-301F-11D3-BF4B-00C04F79EFBC}") = "Producer2", "..\Producer2\Producer2\Producer2.csproj", "{414D4544-F01A-4D08-8D8D-19842EFF4DC1}"
EndProject
Project("{FAE04EC0-301F-11D3-BF4B-00C04F79EFBC}") = "Receiver1", "..\Receiver1\Receiver1\Receiver1.csproj", "{4EF084D5-5FE9-4B38-B7B2-06F0EDF2D90D}"
EndProject
Project("{FAE04EC0-301F-11D3-BF4B-00C04F79EFBC}") = "Receiver2", "..\Receiver2\Receiver2\Receiver2.csproj", "{9C50BE37-9770-4931-A3ED-BAB36F2A8EA5}"
EndProject
Global
	GlobalSection(SolutionConfigurationPlatforms) = preSolution
		Debug|Any CPU = Debug|Any CPU
		Release|Any CPU = Release|Any CPU
	EndGlobalSection
	GlobalSection(ProjectConfigurationPlatforms) = postSolution
		{B9859850-E8B7-4EDE-A478-C89DF098BFD6}.Debug|Any CPU.ActiveCfg = Debug|Any CPU
		{B9859850-E8B7-4EDE-A478-C89DF098BFD6}.Debug|Any CPU.Build.0 = Debug|Any CPU
		{B9859850-E8B7-4EDE-A478-C89DF098BFD6}.Release|Any CPU.ActiveCfg = Release|Any CPU
		{B9859850-E8B7-4EDE-A478-C89DF098BFD6}.Release|Any CPU.Build.0 = Release|Any CPU
		{414D4544-F01A-4D08-8D8D-19842EFF4DC1}.Debug|Any CPU.ActiveCfg = Debug|Any CPU
		{414D4544-F01A-4D08-8D8D-19842EFF4DC1}.Debug|Any CPU.Build.0 = Debug|Any CPU
		{414D4544-F01A-4D08-8D8D-19842EFF4DC1}.Release|Any CPU.ActiveCfg = Release|Any CPU
		{414D4544-F01A-4D08-8D8D-19842EFF4DC1}.Release|Any CPU.Build.0 = Release|Any CPU
		{4EF084D5-5FE9-4B38-B7B2-06F0EDF2D90D}.Debug|Any CPU.ActiveCfg = Debug|Any CPU
		{4EF084D5-5FE9-4B38-B7B2-06F0EDF2D90D}.Debug|Any CPU.Build.0 = Debug|Any CPU
		{4EF084D5-5FE9-4B38-B7B2-06F0EDF2D90D}.Release|Any CPU.ActiveCfg = Release|Any CPU
		{4EF084D5-5FE9-4B38-B7B2-06F0EDF2D90D}.Release|Any CPU.Build.0 = Release|Any CPU
		{9C50BE37-9770-4931-A3ED-BAB36F2A8EA5}.Debug|Any CPU.ActiveCfg = Debug|Any CPU
		{9C50BE37-9770-4931-A3ED-BAB36F2A8EA5}.Debug|Any CPU.Build.0 = Debug|Any CPU
		{9C50BE37-9770-4931-A3ED-BAB36F2A8EA5}.Release|Any CPU.ActiveCfg = Release|Any CPU
		{9C50BE37-9770-4931-A3ED-BAB36F2A8EA5}.Release|Any CPU.Build.0 = Release|Any CPU
	EndGlobalSection
	GlobalSection(SolutionProperties) = preSolution
		HideSolutionNode = FALSE
	EndGlobalSection
EndGlobal
